
Microsoft Visual Studio Solution File, Format Version 12.00
# Visual Studio Version 17
VisualStudioVersion = 17.3.32825.248
MinimumVisualStudioVersion = 10.0.40219.1
Project("{FAE04EC0-301F-11D3-BF4B-00C04F79EFBC}") = "StudentTrackerSystem.Server", "Server\StudentTrackerSystem.Server.csproj", "{FA15A10F-EC04-4F99-89D9-40851CD6F75A}"
EndProject
Project("{FAE04EC0-301F-11D3-BF4B-00C04F79EFBC}") = "StudentTrackerSystem.Client", "Client\StudentTrackerSystem.Client.csproj", "{76171BAA-4B36-49BB-8CAC-08DE7180B2DA}"
EndProject
Project("{FAE04EC0-301F-11D3-BF4B-00C04F79EFBC}") = "StudentTrackerSystem.Shared", "Shared\StudentTrackerSystem.Shared.csproj", "{DEDD5CE5-A73C-4909-A46A-6A5C455B3D11}"
EndProject
Global
	GlobalSection(SolutionConfigurationPlatforms) = preSolution
		Debug|Any CPU = Debug|Any CPU
		Release|Any CPU = Release|Any CPU
	EndGlobalSection
	GlobalSection(ProjectConfigurationPlatforms) = postSolution
		{FA15A10F-EC04-4F99-89D9-40851CD6F75A}.Debug|Any CPU.ActiveCfg = Debug|Any CPU
		{FA15A10F-EC04-4F99-89D9-40851CD6F75A}.Debug|Any CPU.Build.0 = Debug|Any CPU
		{FA15A10F-EC04-4F99-89D9-40851CD6F75A}.Release|Any CPU.ActiveCfg = Release|Any CPU
		{FA15A10F-EC04-4F99-89D9-40851CD6F75A}.Release|Any CPU.Build.0 = Release|Any CPU
		{76171BAA-4B36-49BB-8CAC-08DE7180B2DA}.Debug|Any CPU.ActiveCfg = Debug|Any CPU
		{76171BAA-4B36-49BB-8CAC-08DE7180B2DA}.Debug|Any CPU.Build.0 = Debug|Any CPU
		{76171BAA-4B36-49BB-8CAC-08DE7180B2DA}.Release|Any CPU.ActiveCfg = Release|Any CPU
		{76171BAA-4B36-49BB-8CAC-08DE7180B2DA}.Release|Any CPU.Build.0 = Release|Any CPU
		{DEDD5CE5-A73C-4909-A46A-6A5C455B3D11}.Debug|Any CPU.ActiveCfg = Debug|Any CPU
		{DEDD5CE5-A73C-4909-A46A-6A5C455B3D11}.Debug|Any CPU.Build.0 = Debug|Any CPU
		{DEDD5CE5-A73C-4909-A46A-6A5C455B3D11}.Release|Any CPU.ActiveCfg = Release|Any CPU
		{DEDD5CE5-A73C-4909-A46A-6A5C455B3D11}.Release|Any CPU.Build.0 = Release|Any CPU
	EndGlobalSection
	GlobalSection(SolutionProperties) = preSolution
		HideSolutionNode = FALSE
	EndGlobalSection
	GlobalSection(ExtensibilityGlobals) = postSolution
		SolutionGuid = {4A63D021-4015-4358-AF54-9CBF772DA999}
	EndGlobalSection
EndGlobal
